// !$*UTF8*$!
{
	archiveVersion = 1;
	classes = {
	};
	objectVersion = 55;
	objects = {

/* Begin PBXBuildFile section */
		21434F562883FEBB00ED2D76 /* Tests_iOS.swift in Sources */ = {isa = PBXBuildFile; fileRef = 21434F552883FEBB00ED2D76 /* Tests_iOS.swift */; };
		21434F582883FEBB00ED2D76 /* Tests_iOSLaunchTests.swift in Sources */ = {isa = PBXBuildFile; fileRef = 21434F572883FEBB00ED2D76 /* Tests_iOSLaunchTests.swift */; };
		21434F622883FEBB00ED2D76 /* Tests_macOS.swift in Sources */ = {isa = PBXBuildFile; fileRef = 21434F612883FEBB00ED2D76 /* Tests_macOS.swift */; };
		21434F642883FEBB00ED2D76 /* Tests_macOSLaunchTests.swift in Sources */ = {isa = PBXBuildFile; fileRef = 21434F632883FEBB00ED2D76 /* Tests_macOSLaunchTests.swift */; };
		21434F652883FEBB00ED2D76 /* LandmarksApp.swift in Sources */ = {isa = PBXBuildFile; fileRef = 21434F3D2883FEB900ED2D76 /* LandmarksApp.swift */; };
		21434F662883FEBB00ED2D76 /* LandmarksApp.swift in Sources */ = {isa = PBXBuildFile; fileRef = 21434F3D2883FEB900ED2D76 /* LandmarksApp.swift */; };
		21434F672883FEBB00ED2D76 /* ContentView.swift in Sources */ = {isa = PBXBuildFile; fileRef = 21434F3E2883FEB900ED2D76 /* ContentView.swift */; };
		21434F682883FEBB00ED2D76 /* ContentView.swift in Sources */ = {isa = PBXBuildFile; fileRef = 21434F3E2883FEB900ED2D76 /* ContentView.swift */; };
		21434F692883FEBB00ED2D76 /* Assets.xcassets in Resources */ = {isa = PBXBuildFile; fileRef = 21434F3F2883FEBB00ED2D76 /* Assets.xcassets */; };
		21434F6A2883FEBB00ED2D76 /* Assets.xcassets in Resources */ = {isa = PBXBuildFile; fileRef = 21434F3F2883FEBB00ED2D76 /* Assets.xcassets */; };
		21434F7A288405CA00ED2D76 /* CircleImage.swift in Sources */ = {isa = PBXBuildFile; fileRef = 21434F79288405CA00ED2D76 /* CircleImage.swift */; };
		21434F7B288405CA00ED2D76 /* CircleImage.swift in Sources */ = {isa = PBXBuildFile; fileRef = 21434F79288405CA00ED2D76 /* CircleImage.swift */; };
		21434F7D2884069D00ED2D76 /* MapView.swift in Sources */ = {isa = PBXBuildFile; fileRef = 21434F7C2884069D00ED2D76 /* MapView.swift */; };
		21434F7E2884069D00ED2D76 /* MapView.swift in Sources */ = {isa = PBXBuildFile; fileRef = 21434F7C2884069D00ED2D76 /* MapView.swift */; };
/* End PBXBuildFile section */

/* Begin PBXContainerItemProxy section */
		21434F522883FEBB00ED2D76 /* PBXContainerItemProxy */ = {
			isa = PBXContainerItemProxy;
			containerPortal = 21434F382883FEB900ED2D76 /* Project object */;
			proxyType = 1;
			remoteGlobalIDString = 21434F432883FEBB00ED2D76;
			remoteInfo = "Landmarks (iOS)";
		};
		21434F5E2883FEBB00ED2D76 /* PBXContainerItemProxy */ = {
			isa = PBXContainerItemProxy;
			containerPortal = 21434F382883FEB900ED2D76 /* Project object */;
			proxyType = 1;
			remoteGlobalIDString = 21434F492883FEBB00ED2D76;
			remoteInfo = "Landmarks (macOS)";
		};
/* End PBXContainerItemProxy section */

/* Begin PBXFileReference section */
		21434F3D2883FEB900ED2D76 /* LandmarksApp.swift */ = {isa = PBXFileReference; lastKnownFileType = sourcecode.swift; path = LandmarksApp.swift; sourceTree = "<group>"; };
		21434F3E2883FEB900ED2D76 /* ContentView.swift */ = {isa = PBXFileReference; lastKnownFileType = sourcecode.swift; path = ContentView.swift; sourceTree = "<group>"; };
		21434F3F2883FEBB00ED2D76 /* Assets.xcassets */ = {isa = PBXFileReference; lastKnownFileType = folder.assetcatalog; path = Assets.xcassets; sourceTree = "<group>"; };
		21434F442883FEBB00ED2D76 /* Landmarks.app */ = {isa = PBXFileReference; explicitFileType = wrapper.application; includeInIndex = 0; path = Landmarks.app; sourceTree = BUILT_PRODUCTS_DIR; };
		21434F4A2883FEBB00ED2D76 /* Landmarks.app */ = {isa = PBXFileReference; explicitFileType = wrapper.application; includeInIndex = 0; path = Landmarks.app; sourceTree = BUILT_PRODUCTS_DIR; };
		21434F4C2883FEBB00ED2D76 /* macOS.entitlements */ = {isa = PBXFileReference; lastKnownFileType = text.plist.entitlements; path = macOS.entitlements; sourceTree = "<group>"; };
		21434F512883FEBB00ED2D76 /* Tests iOS.xctest */ = {isa = PBXFileReference; explicitFileType = wrapper.cfbundle; includeInIndex = 0; path = "Tests iOS.xctest"; sourceTree = BUILT_PRODUCTS_DIR; };
		21434F552883FEBB00ED2D76 /* Tests_iOS.swift */ = {isa = PBXFileReference; lastKnownFileType = sourcecode.swift; path = Tests_iOS.swift; sourceTree = "<group>"; };
		21434F572883FEBB00ED2D76 /* Tests_iOSLaunchTests.swift */ = {isa = PBXFileReference; lastKnownFileType = sourcecode.swift; path = Tests_iOSLaunchTests.swift; sourceTree = "<group>"; };
		21434F5D2883FEBB00ED2D76 /* Tests macOS.xctest */ = {isa = PBXFileReference; explicitFileType = wrapper.cfbundle; includeInIndex = 0; path = "Tests macOS.xctest"; sourceTree = BUILT_PRODUCTS_DIR; };
		21434F612883FEBB00ED2D76 /* Tests_macOS.swift */ = {isa = PBXFileReference; lastKnownFileType = sourcecode.swift; path = Tests_macOS.swift; sourceTree = "<group>"; };
		21434F632883FEBB00ED2D76 /* Tests_macOSLaunchTests.swift */ = {isa = PBXFileReference; lastKnownFileType = sourcecode.swift; path = Tests_macOSLaunchTests.swift; sourceTree = "<group>"; };
		21434F79288405CA00ED2D76 /* CircleImage.swift */ = {isa = PBXFileReference; lastKnownFileType = sourcecode.swift; path = CircleImage.swift; sourceTree = "<group>"; };
		21434F7C2884069D00ED2D76 /* MapView.swift */ = {isa = PBXFileReference; lastKnownFileType = sourcecode.swift; path = MapView.swift; sourceTree = "<group>"; };
/* End PBXFileReference section */

/* Begin PBXFrameworksBuildPhase section */
		21434F412883FEBB00ED2D76 /* Frameworks */ = {
			isa = PBXFrameworksBuildPhase;
			buildActionMask = 2147483647;
			files = (
			);
			runOnlyForDeploymentPostprocessing = 0;
		};
		21434F472883FEBB00ED2D76 /* Frameworks */ = {
			isa = PBXFrameworksBuildPhase;
			buildActionMask = 2147483647;
			files = (
			);
			runOnlyForDeploymentPostprocessing = 0;
		};
		21434F4E2883FEBB00ED2D76 /* Frameworks */ = {
			isa = PBXFrameworksBuildPhase;
			buildActionMask = 2147483647;
			files = (
			);
			runOnlyForDeploymentPostprocessing = 0;
		};
		21434F5A2883FEBB00ED2D76 /* Frameworks */ = {
			isa = PBXFrameworksBuildPhase;
			buildActionMask = 2147483647;
			files = (
			);
			runOnlyForDeploymentPostprocessing = 0;
		};
/* End PBXFrameworksBuildPhase section */

/* Begin PBXGroup section */
		21434F372883FEB900ED2D76 = {
			isa = PBXGroup;
			children = (
				21434F3C2883FEB900ED2D76 /* Shared */,
				21434F4B2883FEBB00ED2D76 /* macOS */,
				21434F542883FEBB00ED2D76 /* Tests iOS */,
				21434F602883FEBB00ED2D76 /* Tests macOS */,
				21434F452883FEBB00ED2D76 /* Products */,
			);
			sourceTree = "<group>";
		};
		21434F3C2883FEB900ED2D76 /* Shared */ = {
			isa = PBXGroup;
			children = (
				21434F3D2883FEB900ED2D76 /* LandmarksApp.swift */,
				21434F3E2883FEB900ED2D76 /* ContentView.swift */,
				21434F79288405CA00ED2D76 /* CircleImage.swift */,
				21434F3F2883FEBB00ED2D76 /* Assets.xcassets */,
				21434F7C2884069D00ED2D76 /* MapView.swift */,
			);
			path = Shared;
			sourceTree = "<group>";
		};
		21434F452883FEBB00ED2D76 /* Products */ = {
			isa = PBXGroup;
			children = (
				21434F442883FEBB00ED2D76 /* Landmarks.app */,
				21434F4A2883FEBB00ED2D76 /* Landmarks.app */,
				21434F512883FEBB00ED2D76 /* Tests iOS.xctest */,
				21434F5D2883FEBB00ED2D76 /* Tests macOS.xctest */,
			);
			name = Products;
			sourceTree = "<group>";
		};
		21434F4B2883FEBB00ED2D76 /* macOS */ = {
			isa = PBXGroup;
			children = (
				21434F4C2883FEBB00ED2D76 /* macOS.entitlements */,
			);
			path = macOS;
			sourceTree = "<group>";
		};
		21434F542883FEBB00ED2D76 /* Tests iOS */ = {
			isa = PBXGroup;
			children = (
				21434F552883FEBB00ED2D76 /* Tests_iOS.swift */,
				21434F572883FEBB00ED2D76 /* Tests_iOSLaunchTests.swift */,
			);
			path = "Tests iOS";
			sourceTree = "<group>";
		};
		21434F602883FEBB00ED2D76 /* Tests macOS */ = {
			isa = PBXGroup;
			children = (
				21434F612883FEBB00ED2D76 /* Tests_macOS.swift */,
				21434F632883FEBB00ED2D76 /* Tests_macOSLaunchTests.swift */,
			);
			path = "Tests macOS";
			sourceTree = "<group>";
		};
/* End PBXGroup section */

/* Begin PBXNativeTarget section */
		21434F432883FEBB00ED2D76 /* Landmarks (iOS) */ = {
			isa = PBXNativeTarget;
			buildConfigurationList = 21434F6D2883FEBB00ED2D76 /* Build configuration list for PBXNativeTarget "Landmarks (iOS)" */;
			buildPhases = (
				21434F402883FEBB00ED2D76 /* Sources */,
				21434F412883FEBB00ED2D76 /* Frameworks */,
				21434F422883FEBB00ED2D76 /* Resources */,
			);
			buildRules = (
			);
			dependencies = (
			);
			name = "Landmarks (iOS)";
			productName = "Landmarks (iOS)";
			productReference = 21434F442883FEBB00ED2D76 /* Landmarks.app */;
			productType = "com.apple.product-type.application";
		};
		21434F492883FEBB00ED2D76 /* Landmarks (macOS) */ = {
			isa = PBXNativeTarget;
			buildConfigurationList = 21434F702883FEBB00ED2D76 /* Build configuration list for PBXNativeTarget "Landmarks (macOS)" */;
			buildPhases = (
				21434F462883FEBB00ED2D76 /* Sources */,
				21434F472883FEBB00ED2D76 /* Frameworks */,
				21434F482883FEBB00ED2D76 /* Resources */,
			);
			buildRules = (
			);
			dependencies = (
			);
			name = "Landmarks (macOS)";
			productName = "Landmarks (macOS)";
			productReference = 21434F4A2883FEBB00ED2D76 /* Landmarks.app */;
			productType = "com.apple.product-type.application";
		};
		21434F502883FEBB00ED2D76 /* Tests iOS */ = {
			isa = PBXNativeTarget;
			buildConfigurationList = 21434F732883FEBB00ED2D76 /* Build configuration list for PBXNativeTarget "Tests iOS" */;
			buildPhases = (
				21434F4D2883FEBB00ED2D76 /* Sources */,
				21434F4E2883FEBB00ED2D76 /* Frameworks */,
				21434F4F2883FEBB00ED2D76 /* Resources */,
			);
			buildRules = (
			);
			dependencies = (
				21434F532883FEBB00ED2D76 /* PBXTargetDependency */,
			);
			name = "Tests iOS";
			productName = "Tests iOS";
			productReference = 21434F512883FEBB00ED2D76 /* Tests iOS.xctest */;
			productType = "com.apple.product-type.bundle.ui-testing";
		};
		21434F5C2883FEBB00ED2D76 /* Tests macOS */ = {
			isa = PBXNativeTarget;
			buildConfigurationList = 21434F762883FEBB00ED2D76 /* Build configuration list for PBXNativeTarget "Tests macOS" */;
			buildPhases = (
				21434F592883FEBB00ED2D76 /* Sources */,
				21434F5A2883FEBB00ED2D76 /* Frameworks */,
				21434F5B2883FEBB00ED2D76 /* Resources */,
			);
			buildRules = (
			);
			dependencies = (
				21434F5F2883FEBB00ED2D76 /* PBXTargetDependency */,
			);
			name = "Tests macOS";
			productName = "Tests macOS";
			productReference = 21434F5D2883FEBB00ED2D76 /* Tests macOS.xctest */;
			productType = "com.apple.product-type.bundle.ui-testing";
		};
/* End PBXNativeTarget section */

/* Begin PBXProject section */
		21434F382883FEB900ED2D76 /* Project object */ = {
			isa = PBXProject;
			attributes = {
				BuildIndependentTargetsInParallel = 1;
				LastSwiftUpdateCheck = 1340;
				LastUpgradeCheck = 1340;
				TargetAttributes = {
					21434F432883FEBB00ED2D76 = {
						CreatedOnToolsVersion = 13.4.1;
					};
					21434F492883FEBB00ED2D76 = {
						CreatedOnToolsVersion = 13.4.1;
					};
					21434F502883FEBB00ED2D76 = {
						CreatedOnToolsVersion = 13.4.1;
						TestTargetID = 21434F432883FEBB00ED2D76;
					};
					21434F5C2883FEBB00ED2D76 = {
						CreatedOnToolsVersion = 13.4.1;
						TestTargetID = 21434F492883FEBB00ED2D76;
					};
				};
			};
			buildConfigurationList = 21434F3B2883FEB900ED2D76 /* Build configuration list for PBXProject "Landmarks" */;
			compatibilityVersion = "Xcode 13.0";
			developmentRegion = en;
			hasScannedForEncodings = 0;
			knownRegions = (
				en,
				Base,
			);
			mainGroup = 21434F372883FEB900ED2D76;
			productRefGroup = 21434F452883FEBB00ED2D76 /* Products */;
			projectDirPath = "";
			projectRoot = "";
			targets = (
				21434F432883FEBB00ED2D76 /* Landmarks (iOS) */,
				21434F492883FEBB00ED2D76 /* Landmarks (macOS) */,
				21434F502883FEBB00ED2D76 /* Tests iOS */,
				21434F5C2883FEBB00ED2D76 /* Tests macOS */,
			);
		};
/* End PBXProject section */

/* Begin PBXResourcesBuildPhase section */
		21434F422883FEBB00ED2D76 /* Resources */ = {
			isa = PBXResourcesBuildPhase;
			buildActionMask = 2147483647;
			files = (
				21434F692883FEBB00ED2D76 /* Assets.xcassets in Resources */,
			);
			runOnlyForDeploymentPostprocessing = 0;
		};
		21434F482883FEBB00ED2D76 /* Resources */ = {
			isa = PBXResourcesBuildPhase;
			buildActionMask = 2147483647;
			files = (
				21434F6A2883FEBB00ED2D76 /* Assets.xcassets in Resources */,
			);
			runOnlyForDeploymentPostprocessing = 0;
		};
		21434F4F2883FEBB00ED2D76 /* Resources */ = {
			isa = PBXResourcesBuildPhase;
			buildActionMask = 2147483647;
			files = (
			);
			runOnlyForDeploymentPostprocessing = 0;
		};
		21434F5B2883FEBB00ED2D76 /* Resources */ = {
			isa = PBXResourcesBuildPhase;
			buildActionMask = 2147483647;
			files = (
			);
			runOnlyForDeploymentPostprocessing = 0;
		};
/* End PBXResourcesBuildPhase section */

/* Begin PBXSourcesBuildPhase section */
		21434F402883FEBB00ED2D76 /* Sources */ = {
			isa = PBXSourcesBuildPhase;
			buildActionMask = 2147483647;
			files = (
				21434F672883FEBB00ED2D76 /* ContentView.swift in Sources */,
				21434F7D2884069D00ED2D76 /* MapView.swift in Sources */,
				21434F652883FEBB00ED2D76 /* LandmarksApp.swift in Sources */,
				21434F7A288405CA00ED2D76 /* CircleImage.swift in Sources */,
			);
			runOnlyForDeploymentPostprocessing = 0;
		};
		21434F462883FEBB00ED2D76 /* Sources */ = {
			isa = PBXSourcesBuildPhase;
			buildActionMask = 2147483647;
			files = (
				21434F682883FEBB00ED2D76 /* ContentView.swift in Sources */,
				21434F7E2884069D00ED2D76 /* MapView.swift in Sources */,
				21434F662883FEBB00ED2D76 /* LandmarksApp.swift in Sources */,
				21434F7B288405CA00ED2D76 /* CircleImage.swift in Sources */,
			);
			runOnlyForDeploymentPostprocessing = 0;
		};
		21434F4D2883FEBB00ED2D76 /* Sources */ = {
			isa = PBXSourcesBuildPhase;
			buildActionMask = 2147483647;
			files = (
				21434F582883FEBB00ED2D76 /* Tests_iOSLaunchTests.swift in Sources */,
				21434F562883FEBB00ED2D76 /* Tests_iOS.swift in Sources */,
			);
			runOnlyForDeploymentPostprocessing = 0;
		};
		21434F592883FEBB00ED2D76 /* Sources */ = {
			isa = PBXSourcesBuildPhase;
			buildActionMask = 2147483647;
			files = (
				21434F642883FEBB00ED2D76 /* Tests_macOSLaunchTests.swift in Sources */,
				21434F622883FEBB00ED2D76 /* Tests_macOS.swift in Sources */,
			);
			runOnlyForDeploymentPostprocessing = 0;
		};
/* End PBXSourcesBuildPhase section */

/* Begin PBXTargetDependency section */
		21434F532883FEBB00ED2D76 /* PBXTargetDependency */ = {
			isa = PBXTargetDependency;
			target = 21434F432883FEBB00ED2D76 /* Landmarks (iOS) */;
			targetProxy = 21434F522883FEBB00ED2D76 /* PBXContainerItemProxy */;
		};
		21434F5F2883FEBB00ED2D76 /* PBXTargetDependency */ = {
			isa = PBXTargetDependency;
			target = 21434F492883FEBB00ED2D76 /* Landmarks (macOS) */;
			targetProxy = 21434F5E2883FEBB00ED2D76 /* PBXContainerItemProxy */;
		};
/* End PBXTargetDependency section */

/* Begin XCBuildConfiguration section */
		21434F6B2883FEBB00ED2D76 /* Debug */ = {
			isa = XCBuildConfiguration;
			buildSettings = {
				ALWAYS_SEARCH_USER_PATHS = NO;
				CLANG_ANALYZER_NONNULL = YES;
				CLANG_ANALYZER_NUMBER_OBJECT_CONVERSION = YES_AGGRESSIVE;
				CLANG_CXX_LANGUAGE_STANDARD = "gnu++17";
				CLANG_ENABLE_MODULES = YES;
				CLANG_ENABLE_OBJC_ARC = YES;
				CLANG_ENABLE_OBJC_WEAK = YES;
				CLANG_WARN_BLOCK_CAPTURE_AUTORELEASING = YES;
				CLANG_WARN_BOOL_CONVERSION = YES;
				CLANG_WARN_COMMA = YES;
				CLANG_WARN_CONSTANT_CONVERSION = YES;
				CLANG_WARN_DEPRECATED_OBJC_IMPLEMENTATIONS = YES;
				CLANG_WARN_DIRECT_OBJC_ISA_USAGE = YES_ERROR;
				CLANG_WARN_DOCUMENTATION_COMMENTS = YES;
				CLANG_WARN_EMPTY_BODY = YES;
				CLANG_WARN_ENUM_CONVERSION = YES;
				CLANG_WARN_INFINITE_RECURSION = YES;
				CLANG_WARN_INT_CONVERSION = YES;
				CLANG_WARN_NON_LITERAL_NULL_CONVERSION = YES;
				CLANG_WARN_OBJC_IMPLICIT_RETAIN_SELF = YES;
				CLANG_WARN_OBJC_LITERAL_CONVERSION = YES;
				CLANG_WARN_OBJC_ROOT_CLASS = YES_ERROR;
				CLANG_WARN_QUOTED_INCLUDE_IN_FRAMEWORK_HEADER = YES;
				CLANG_WARN_RANGE_LOOP_ANALYSIS = YES;
				CLANG_WARN_STRICT_PROTOTYPES = YES;
				CLANG_WARN_SUSPICIOUS_MOVE = YES;
				CLANG_WARN_UNGUARDED_AVAILABILITY = YES_AGGRESSIVE;
				CLANG_WARN_UNREACHABLE_CODE = YES;
				CLANG_WARN__DUPLICATE_METHOD_MATCH = YES;
				COPY_PHASE_STRIP = NO;
				DEBUG_INFORMATION_FORMAT = dwarf;
				ENABLE_STRICT_OBJC_MSGSEND = YES;
				ENABLE_TESTABILITY = YES;
				GCC_C_LANGUAGE_STANDARD = gnu11;
				GCC_DYNAMIC_NO_PIC = NO;
				GCC_NO_COMMON_BLOCKS = YES;
				GCC_OPTIMIZATION_LEVEL = 0;
				GCC_PREPROCESSOR_DEFINITIONS = (
					"DEBUG=1",
					"$(inherited)",
				);
				GCC_WARN_64_TO_32_BIT_CONVERSION = YES;
				GCC_WARN_ABOUT_RETURN_TYPE = YES_ERROR;
				GCC_WARN_UNDECLARED_SELECTOR = YES;
				GCC_WARN_UNINITIALIZED_AUTOS = YES_AGGRESSIVE;
				GCC_WARN_UNUSED_FUNCTION = YES;
				GCC_WARN_UNUSED_VARIABLE = YES;
				MTL_ENABLE_DEBUG_INFO = INCLUDE_SOURCE;
				MTL_FAST_MATH = YES;
				ONLY_ACTIVE_ARCH = YES;
				SWIFT_ACTIVE_COMPILATION_CONDITIONS = DEBUG;
				SWIFT_OPTIMIZATION_LEVEL = "-Onone";
			};
			name = Debug;
		};
		21434F6C2883FEBB00ED2D76 /* Release */ = {
			isa = XCBuildConfiguration;
			buildSettings = {
				ALWAYS_SEARCH_USER_PATHS = NO;
				CLANG_ANALYZER_NONNULL = YES;
				CLANG_ANALYZER_NUMBER_OBJECT_CONVERSION = YES_AGGRESSIVE;
				CLANG_CXX_LANGUAGE_STANDARD = "gnu++17";
				CLANG_ENABLE_MODULES = YES;
				CLANG_ENABLE_OBJC_ARC = YES;
				CLANG_ENABLE_OBJC_WEAK = YES;
				CLANG_WARN_BLOCK_CAPTURE_AUTORELEASING = YES;
				CLANG_WARN_BOOL_CONVERSION = YES;
				CLANG_WARN_COMMA = YES;
				CLANG_WARN_CONSTANT_CONVERSION = YES;
				CLANG_WARN_DEPRECATED_OBJC_IMPLEMENTATIONS = YES;
				CLANG_WARN_DIRECT_OBJC_ISA_USAGE = YES_ERROR;
				CLANG_WARN_DOCUMENTATION_COMMENTS = YES;
				CLANG_WARN_EMPTY_BODY = YES;
				CLANG_WARN_ENUM_CONVERSION = YES;
				CLANG_WARN_INFINITE_RECURSION = YES;
				CLANG_WARN_INT_CONVERSION = YES;
				CLANG_WARN_NON_LITERAL_NULL_CONVERSION = YES;
				CLANG_WARN_OBJC_IMPLICIT_RETAIN_SELF = YES;
				CLANG_WARN_OBJC_LITERAL_CONVERSION = YES;
				CLANG_WARN_OBJC_ROOT_CLASS = YES_ERROR;
				CLANG_WARN_QUOTED_INCLUDE_IN_FRAMEWORK_HEADER = YES;
				CLANG_WARN_RANGE_LOOP_ANALYSIS = YES;
				CLANG_WARN_STRICT_PROTOTYPES = YES;
				CLANG_WARN_SUSPICIOUS_MOVE = YES;
				CLANG_WARN_UNGUARDED_AVAILABILITY = YES_AGGRESSIVE;
				CLANG_WARN_UNREACHABLE_CODE = YES;
				CLANG_WARN__DUPLICATE_METHOD_MATCH = YES;
				COPY_PHASE_STRIP = NO;
				DEBUG_INFORMATION_FORMAT = "dwarf-with-dsym";
				ENABLE_NS_ASSERTIONS = NO;
				ENABLE_STRICT_OBJC_MSGSEND = YES;
				GCC_C_LANGUAGE_STANDARD = gnu11;
				GCC_NO_COMMON_BLOCKS = YES;
				GCC_WARN_64_TO_32_BIT_CONVERSION = YES;
				GCC_WARN_ABOUT_RETURN_TYPE = YES_ERROR;
				GCC_WARN_UNDECLARED_SELECTOR = YES;
				GCC_WARN_UNINITIALIZED_AUTOS = YES_AGGRESSIVE;
				GCC_WARN_UNUSED_FUNCTION = YES;
				GCC_WARN_UNUSED_VARIABLE = YES;
				MTL_ENABLE_DEBUG_INFO = NO;
				MTL_FAST_MATH = YES;
				SWIFT_COMPILATION_MODE = wholemodule;
				SWIFT_OPTIMIZATION_LEVEL = "-O";
			};
			name = Release;
		};
		21434F6E2883FEBB00ED2D76 /* Debug */ = {
			isa = XCBuildConfiguration;
			buildSettings = {
				ASSETCATALOG_COMPILER_APPICON_NAME = AppIcon;
				ASSETCATALOG_COMPILER_GLOBAL_ACCENT_COLOR_NAME = AccentColor;
				CODE_SIGN_STYLE = Automatic;
				CURRENT_PROJECT_VERSION = 1;
				DEVELOPMENT_TEAM = 6LU8A4D3U2;
				ENABLE_PREVIEWS = YES;
				GENERATE_INFOPLIST_FILE = YES;
				INFOPLIST_KEY_UIApplicationSceneManifest_Generation = YES;
				INFOPLIST_KEY_UIApplicationSupportsIndirectInputEvents = YES;
				INFOPLIST_KEY_UILaunchScreen_Generation = YES;
				INFOPLIST_KEY_UISupportedInterfaceOrientations_iPad = "UIInterfaceOrientationPortrait UIInterfaceOrientationPortraitUpsideDown UIInterfaceOrientationLandscapeLeft UIInterfaceOrientationLandscapeRight";
				INFOPLIST_KEY_UISupportedInterfaceOrientations_iPhone = "UIInterfaceOrientationPortrait UIInterfaceOrientationLandscapeLeft UIInterfaceOrientationLandscapeRight";
				IPHONEOS_DEPLOYMENT_TARGET = 15.5;
				LD_RUNPATH_SEARCH_PATHS = (
					"$(inherited)",
					"@executable_path/Frameworks",
				);
				MARKETING_VERSION = 1.0;
				PRODUCT_BUNDLE_IDENTIFIER = com.soulja.landmarks.Landmarks;
				PRODUCT_NAME = Landmarks;
				SDKROOT = iphoneos;
				SWIFT_EMIT_LOC_STRINGS = YES;
				SWIFT_VERSION = 5.0;
				TARGETED_DEVICE_FAMILY = "1,2";
			};
			name = Debug;
		};
		21434F6F2883FEBB00ED2D76 /* Release */ = {
			isa = XCBuildConfiguration;
			buildSettings = {
				ASSETCATALOG_COMPILER_APPICON_NAME = AppIcon;
				ASSETCATALOG_COMPILER_GLOBAL_ACCENT_COLOR_NAME = AccentColor;
				CODE_SIGN_STYLE = Automatic;
				CURRENT_PROJECT_VERSION = 1;
				DEVELOPMENT_TEAM = 6LU8A4D3U2;
				ENABLE_PREVIEWS = YES;
				GENERATE_INFOPLIST_FILE = YES;
				INFOPLIST_KEY_UIApplicationSceneManifest_Generation = YES;
				INFOPLIST_KEY_UIApplicationSupportsIndirectInputEvents = YES;
				INFOPLIST_KEY_UILaunchScreen_Generation = YES;
				INFOPLIST_KEY_UISupportedInterfaceOrientations_iPad = "UIInterfaceOrientationPortrait UIInterfaceOrientationPortraitUpsideDown UIInterfaceOrientationLandscapeLeft UIInterfaceOrientationLandscapeRight";
				INFOPLIST_KEY_UISupportedInterfaceOrientations_iPhone = "UIInterfaceOrientationPortrait UIInterfaceOrientationLandscapeLeft UIInterfaceOrientationLandscapeRight";
				IPHONEOS_DEPLOYMENT_TARGET = 15.5;
				LD_RUNPATH_SEARCH_PATHS = (
					"$(inherited)",
					"@executable_path/Frameworks",
				);
				MARKETING_VERSION = 1.0;
				PRODUCT_BUNDLE_IDENTIFIER = com.soulja.landmarks.Landmarks;
				PRODUCT_NAME = Landmarks;
				SDKROOT = iphoneos;
				SWIFT_EMIT_LOC_STRINGS = YES;
				SWIFT_VERSION = 5.0;
				TARGETED_DEVICE_FAMILY = "1,2";
				VALIDATE_PRODUCT = YES;
			};
			name = Release;
		};
		21434F712883FEBB00ED2D76 /* Debug */ = {
			isa = XCBuildConfiguration;
			buildSettings = {
				ASSETCATALOG_COMPILER_APPICON_NAME = AppIcon;
				ASSETCATALOG_COMPILER_GLOBAL_ACCENT_COLOR_NAME = AccentColor;
				CODE_SIGN_ENTITLEMENTS = macOS/macOS.entitlements;
				CODE_SIGN_STYLE = Automatic;
				COMBINE_HIDPI_IMAGES = YES;
				CURRENT_PROJECT_VERSION = 1;
				DEVELOPMENT_TEAM = 6LU8A4D3U2;
				ENABLE_HARDENED_RUNTIME = YES;
				ENABLE_PREVIEWS = YES;
				GENERATE_INFOPLIST_FILE = YES;
				INFOPLIST_KEY_NSHumanReadableCopyright = "";
				LD_RUNPATH_SEARCH_PATHS = (
					"$(inherited)",
					"@executable_path/../Frameworks",
				);
				MACOSX_DEPLOYMENT_TARGET = 12.3;
				MARKETING_VERSION = 1.0;
				PRODUCT_BUNDLE_IDENTIFIER = com.soulja.landmarks.Landmarks;
				PRODUCT_NAME = Landmarks;
				SDKROOT = macosx;
				SWIFT_EMIT_LOC_STRINGS = YES;
				SWIFT_VERSION = 5.0;
			};
			name = Debug;
		};
		21434F722883FEBB00ED2D76 /* Release */ = {
			isa = XCBuildConfiguration;
			buildSettings = {
				ASSETCATALOG_COMPILER_APPICON_NAME = AppIcon;
				ASSETCATALOG_COMPILER_GLOBAL_ACCENT_COLOR_NAME = AccentColor;
				CODE_SIGN_ENTITLEMENTS = macOS/macOS.entitlements;
				CODE_SIGN_STYLE = Automatic;
				COMBINE_HIDPI_IMAGES = YES;
				CURRENT_PROJECT_VERSION = 1;
				DEVELOPMENT_TEAM = 6LU8A4D3U2;
				ENABLE_HARDENED_RUNTIME = YES;
				ENABLE_PREVIEWS = YES;
				GENERATE_INFOPLIST_FILE = YES;
				INFOPLIST_KEY_NSHumanReadableCopyright = "";
				LD_RUNPATH_SEARCH_PATHS = (
					"$(inherited)",
					"@executable_path/../Frameworks",
				);
				MACOSX_DEPLOYMENT_TARGET = 12.3;
				MARKETING_VERSION = 1.0;
				PRODUCT_BUNDLE_IDENTIFIER = com.soulja.landmarks.Landmarks;
				PRODUCT_NAME = Landmarks;
				SDKROOT = macosx;
				SWIFT_EMIT_LOC_STRINGS = YES;
				SWIFT_VERSION = 5.0;
			};
			name = Release;
		};
		21434F742883FEBB00ED2D76 /* Debug */ = {
			isa = XCBuildConfiguration;
			buildSettings = {
				ALWAYS_EMBED_SWIFT_STANDARD_LIBRARIES = YES;
				CODE_SIGN_STYLE = Automatic;
				CURRENT_PROJECT_VERSION = 1;
				DEVELOPMENT_TEAM = 6LU8A4D3U2;
				GENERATE_INFOPLIST_FILE = YES;
				IPHONEOS_DEPLOYMENT_TARGET = 15.5;
				MARKETING_VERSION = 1.0;
				PRODUCT_BUNDLE_IDENTIFIER = "com.soulja.landmarks.Tests-iOS";
				PRODUCT_NAME = "$(TARGET_NAME)";
				SDKROOT = iphoneos;
				SWIFT_EMIT_LOC_STRINGS = NO;
				SWIFT_VERSION = 5.0;
				TARGETED_DEVICE_FAMILY = "1,2";
				TEST_TARGET_NAME = "Landmarks (iOS)";
			};
			name = Debug;
		};
		21434F752883FEBB00ED2D76 /* Release */ = {
			isa = XCBuildConfiguration;
			buildSettings = {
				ALWAYS_EMBED_SWIFT_STANDARD_LIBRARIES = YES;
				CODE_SIGN_STYLE = Automatic;
				CURRENT_PROJECT_VERSION = 1;
				DEVELOPMENT_TEAM = 6LU8A4D3U2;
				GENERATE_INFOPLIST_FILE = YES;
				IPHONEOS_DEPLOYMENT_TARGET = 15.5;
				MARKETING_VERSION = 1.0;
				PRODUCT_BUNDLE_IDENTIFIER = "com.soulja.landmarks.Tests-iOS";
				PRODUCT_NAME = "$(TARGET_NAME)";
				SDKROOT = iphoneos;
				SWIFT_EMIT_LOC_STRINGS = NO;
				SWIFT_VERSION = 5.0;
				TARGETED_DEVICE_FAMILY = "1,2";
				TEST_TARGET_NAME = "Landmarks (iOS)";
				VALIDATE_PRODUCT = YES;
			};
			name = Release;
		};
		21434F772883FEBB00ED2D76 /* Debug */ = {
			isa = XCBuildConfiguration;
			buildSettings = {
				ALWAYS_EMBED_SWIFT_STANDARD_LIBRARIES = YES;
				CODE_SIGN_STYLE = Automatic;
				CURRENT_PROJECT_VERSION = 1;
				DEVELOPMENT_TEAM = 6LU8A4D3U2;
				GENERATE_INFOPLIST_FILE = YES;
				MACOSX_DEPLOYMENT_TARGET = 12.3;
				MARKETING_VERSION = 1.0;
				PRODUCT_BUNDLE_IDENTIFIER = "com.soulja.landmarks.Tests-macOS";
				PRODUCT_NAME = "$(TARGET_NAME)";
				SDKROOT = macosx;
				SWIFT_EMIT_LOC_STRINGS = NO;
				SWIFT_VERSION = 5.0;
				TEST_TARGET_NAME = "Landmarks (macOS)";
			};
			name = Debug;
		};
		21434F782883FEBB00ED2D76 /* Release */ = {
			isa = XCBuildConfiguration;
			buildSettings = {
				ALWAYS_EMBED_SWIFT_STANDARD_LIBRARIES = YES;
				CODE_SIGN_STYLE = Automatic;
				CURRENT_PROJECT_VERSION = 1;
				DEVELOPMENT_TEAM = 6LU8A4D3U2;
				GENERATE_INFOPLIST_FILE = YES;
				MACOSX_DEPLOYMENT_TARGET = 12.3;
				MARKETING_VERSION = 1.0;
				PRODUCT_BUNDLE_IDENTIFIER = "com.soulja.landmarks.Tests-macOS";
				PRODUCT_NAME = "$(TARGET_NAME)";
				SDKROOT = macosx;
				SWIFT_EMIT_LOC_STRINGS = NO;
				SWIFT_VERSION = 5.0;
				TEST_TARGET_NAME = "Landmarks (macOS)";
			};
			name = Release;
		};
/* End XCBuildConfiguration section */

/* Begin XCConfigurationList section */
		21434F3B2883FEB900ED2D76 /* Build configuration list for PBXProject "Landmarks" */ = {
			isa = XCConfigurationList;
			buildConfigurations = (
				21434F6B2883FEBB00ED2D76 /* Debug */,
				21434F6C2883FEBB00ED2D76 /* Release */,
			);
			defaultConfigurationIsVisible = 0;
			defaultConfigurationName = Release;
		};
		21434F6D2883FEBB00ED2D76 /* Build configuration list for PBXNativeTarget "Landmarks (iOS)" */ = {
			isa = XCConfigurationList;
			buildConfigurations = (
				21434F6E2883FEBB00ED2D76 /* Debug */,
				21434F6F2883FEBB00ED2D76 /* Release */,
			);
			defaultConfigurationIsVisible = 0;
			defaultConfigurationName = Release;
		};
		21434F702883FEBB00ED2D76 /* Build configuration list for PBXNativeTarget "Landmarks (macOS)" */ = {
			isa = XCConfigurationList;
			buildConfigurations = (
				21434F712883FEBB00ED2D76 /* Debug */,
				21434F722883FEBB00ED2D76 /* Release */,
			);
			defaultConfigurationIsVisible = 0;
			defaultConfigurationName = Release;
		};
		21434F732883FEBB00ED2D76 /* Build configuration list for PBXNativeTarget "Tests iOS" */ = {
			isa = XCConfigurationList;
			buildConfigurations = (
				21434F742883FEBB00ED2D76 /* Debug */,
				21434F752883FEBB00ED2D76 /* Release */,
			);
			defaultConfigurationIsVisible = 0;
			defaultConfigurationName = Release;
		};
		21434F762883FEBB00ED2D76 /* Build configuration list for PBXNativeTarget "Tests macOS" */ = {
			isa = XCConfigurationList;
			buildConfigurations = (
				21434F772883FEBB00ED2D76 /* Debug */,
				21434F782883FEBB00ED2D76 /* Release */,
			);
			defaultConfigurationIsVisible = 0;
			defaultConfigurationName = Release;
		};
/* End XCConfigurationList section */
	};
	rootObject = 21434F382883FEB900ED2D76 /* Project object */;
}
